// !$*UTF8*$!
{
	archiveVersion = 1;
	classes = {
	};
	objectVersion = 50;
	objects = {

/* Begin PBXBuildFile section */
		0810A079FC5AA0ACE57F4AC1 /* Pods_appleMusicSearchApp.framework in Frameworks */ = {isa = PBXBuildFile; fileRef = 489DE84C5657682F713FC92F /* Pods_appleMusicSearchApp.framework */; };
		B862D0A3232ADD3B007C5E2C /* ArtistSearchViewModel.swift in Sources */ = {isa = PBXBuildFile; fileRef = B862D0A2232ADD3B007C5E2C /* ArtistSearchViewModel.swift */; };
		B862D0A6232ADD6B007C5E2C /* ArtistSearchController.swift in Sources */ = {isa = PBXBuildFile; fileRef = B862D0A4232ADD6B007C5E2C /* ArtistSearchController.swift */; };
		B862D0A7232ADD6B007C5E2C /* ArtistSearchController.xib in Resources */ = {isa = PBXBuildFile; fileRef = B862D0A5232ADD6B007C5E2C /* ArtistSearchController.xib */; };
		B895B07023341B4B003AE994 /* Model.swift in Sources */ = {isa = PBXBuildFile; fileRef = B895B06F23341B4B003AE994 /* Model.swift */; };
		B895B07223341E67003AE994 /* AppleMusicAPIRequest.swift in Sources */ = {isa = PBXBuildFile; fileRef = B895B07123341E67003AE994 /* AppleMusicAPIRequest.swift */; };
		B895B07423342213003AE994 /* AppleMusicDataManager.swift in Sources */ = {isa = PBXBuildFile; fileRef = B895B07323342213003AE994 /* AppleMusicDataManager.swift */; };
		B8ADA75823299C320094EA83 /* AppDelegate.swift in Sources */ = {isa = PBXBuildFile; fileRef = B8ADA75723299C320094EA83 /* AppDelegate.swift */; };
		B8ADA75F23299C330094EA83 /* Assets.xcassets in Resources */ = {isa = PBXBuildFile; fileRef = B8ADA75E23299C330094EA83 /* Assets.xcassets */; };
		B8ADA76223299C330094EA83 /* LaunchScreen.storyboard in Resources */ = {isa = PBXBuildFile; fileRef = B8ADA76023299C330094EA83 /* LaunchScreen.storyboard */; };
		EB6B8461233613F900E5C150 /* UITableView+GetCell.swift in Sources */ = {isa = PBXBuildFile; fileRef = EB6B8460233613F900E5C150 /* UITableView+GetCell.swift */; };
		EB6B84652336144400E5C150 /* ArtistCell.swift in Sources */ = {isa = PBXBuildFile; fileRef = EB6B84632336144400E5C150 /* ArtistCell.swift */; };
		EB6B84662336144400E5C150 /* ArtistCell.xib in Resources */ = {isa = PBXBuildFile; fileRef = EB6B84642336144400E5C150 /* ArtistCell.xib */; };
		EB6B846A2336222F00E5C150 /* ArtistInfoController.swift in Sources */ = {isa = PBXBuildFile; fileRef = EB6B84682336222F00E5C150 /* ArtistInfoController.swift */; };
		EB6B846B2336222F00E5C150 /* ArtistInfoController.xib in Resources */ = {isa = PBXBuildFile; fileRef = EB6B84692336222F00E5C150 /* ArtistInfoController.xib */; };
		EB6B846D2336225A00E5C150 /* ArtistInfoViewModel.swift in Sources */ = {isa = PBXBuildFile; fileRef = EB6B846C2336225A00E5C150 /* ArtistInfoViewModel.swift */; };
/* End PBXBuildFile section */

/* Begin PBXFileReference section */
		3AD6F4562D5703CEDC23BA21 /* Pods-appleMusicSearchApp.release.xcconfig */ = {isa = PBXFileReference; includeInIndex = 1; lastKnownFileType = text.xcconfig; name = "Pods-appleMusicSearchApp.release.xcconfig"; path = "Target Support Files/Pods-appleMusicSearchApp/Pods-appleMusicSearchApp.release.xcconfig"; sourceTree = "<group>"; };
		489DE84C5657682F713FC92F /* Pods_appleMusicSearchApp.framework */ = {isa = PBXFileReference; explicitFileType = wrapper.framework; includeInIndex = 0; path = Pods_appleMusicSearchApp.framework; sourceTree = BUILT_PRODUCTS_DIR; };
		B862D0A2232ADD3B007C5E2C /* ArtistSearchViewModel.swift */ = {isa = PBXFileReference; lastKnownFileType = sourcecode.swift; path = ArtistSearchViewModel.swift; sourceTree = "<group>"; };
		B862D0A4232ADD6B007C5E2C /* ArtistSearchController.swift */ = {isa = PBXFileReference; lastKnownFileType = sourcecode.swift; path = ArtistSearchController.swift; sourceTree = "<group>"; };
		B862D0A5232ADD6B007C5E2C /* ArtistSearchController.xib */ = {isa = PBXFileReference; lastKnownFileType = file.xib; path = ArtistSearchController.xib; sourceTree = "<group>"; };
		B895B06F23341B4B003AE994 /* Model.swift */ = {isa = PBXFileReference; lastKnownFileType = sourcecode.swift; path = Model.swift; sourceTree = "<group>"; };
		B895B07123341E67003AE994 /* AppleMusicAPIRequest.swift */ = {isa = PBXFileReference; lastKnownFileType = sourcecode.swift; path = AppleMusicAPIRequest.swift; sourceTree = "<group>"; };
		B895B07323342213003AE994 /* AppleMusicDataManager.swift */ = {isa = PBXFileReference; lastKnownFileType = sourcecode.swift; path = AppleMusicDataManager.swift; sourceTree = "<group>"; };
		B8ADA75423299C320094EA83 /* appleMusicSearchApp.app */ = {isa = PBXFileReference; explicitFileType = wrapper.application; includeInIndex = 0; path = appleMusicSearchApp.app; sourceTree = BUILT_PRODUCTS_DIR; };
		B8ADA75723299C320094EA83 /* AppDelegate.swift */ = {isa = PBXFileReference; lastKnownFileType = sourcecode.swift; path = AppDelegate.swift; sourceTree = "<group>"; };
		B8ADA75E23299C330094EA83 /* Assets.xcassets */ = {isa = PBXFileReference; lastKnownFileType = folder.assetcatalog; path = Assets.xcassets; sourceTree = "<group>"; };
		B8ADA76123299C330094EA83 /* Base */ = {isa = PBXFileReference; lastKnownFileType = file.storyboard; name = Base; path = Base.lproj/LaunchScreen.storyboard; sourceTree = "<group>"; };
		B8ADA76323299C330094EA83 /* Info.plist */ = {isa = PBXFileReference; lastKnownFileType = text.plist.xml; path = Info.plist; sourceTree = "<group>"; };
		BEF9693ECFFEE0513B311E0F /* Pods-appleMusicSearchApp.debug.xcconfig */ = {isa = PBXFileReference; includeInIndex = 1; lastKnownFileType = text.xcconfig; name = "Pods-appleMusicSearchApp.debug.xcconfig"; path = "Target Support Files/Pods-appleMusicSearchApp/Pods-appleMusicSearchApp.debug.xcconfig"; sourceTree = "<group>"; };
		EB6B8460233613F900E5C150 /* UITableView+GetCell.swift */ = {isa = PBXFileReference; lastKnownFileType = sourcecode.swift; path = "UITableView+GetCell.swift"; sourceTree = "<group>"; };
		EB6B84632336144400E5C150 /* ArtistCell.swift */ = {isa = PBXFileReference; lastKnownFileType = sourcecode.swift; path = ArtistCell.swift; sourceTree = "<group>"; };
		EB6B84642336144400E5C150 /* ArtistCell.xib */ = {isa = PBXFileReference; lastKnownFileType = file.xib; path = ArtistCell.xib; sourceTree = "<group>"; };
		EB6B84682336222F00E5C150 /* ArtistInfoController.swift */ = {isa = PBXFileReference; lastKnownFileType = sourcecode.swift; path = ArtistInfoController.swift; sourceTree = "<group>"; };
		EB6B84692336222F00E5C150 /* ArtistInfoController.xib */ = {isa = PBXFileReference; lastKnownFileType = file.xib; path = ArtistInfoController.xib; sourceTree = "<group>"; };
		EB6B846C2336225A00E5C150 /* ArtistInfoViewModel.swift */ = {isa = PBXFileReference; lastKnownFileType = sourcecode.swift; path = ArtistInfoViewModel.swift; sourceTree = "<group>"; };
/* End PBXFileReference section */

/* Begin PBXFrameworksBuildPhase section */
		B8ADA75123299C320094EA83 /* Frameworks */ = {
			isa = PBXFrameworksBuildPhase;
			buildActionMask = 2147483647;
			files = (
				0810A079FC5AA0ACE57F4AC1 /* Pods_appleMusicSearchApp.framework in Frameworks */,
			);
			runOnlyForDeploymentPostprocessing = 0;
		};
/* End PBXFrameworksBuildPhase section */

/* Begin PBXGroup section */
		05C9F756BD048581833636DC /* Pods */ = {
			isa = PBXGroup;
			children = (
				BEF9693ECFFEE0513B311E0F /* Pods-appleMusicSearchApp.debug.xcconfig */,
				3AD6F4562D5703CEDC23BA21 /* Pods-appleMusicSearchApp.release.xcconfig */,
			);
			path = Pods;
			sourceTree = "<group>";
		};
		B7365CA44BB4B9E9849D76A8 /* Frameworks */ = {
			isa = PBXGroup;
			children = (
				489DE84C5657682F713FC92F /* Pods_appleMusicSearchApp.framework */,
			);
			name = Frameworks;
			sourceTree = "<group>";
		};
		B862D0A1232ADC95007C5E2C /* ArtistSearch */ = {
			isa = PBXGroup;
			children = (
				EB6B84622336142600E5C150 /* ArtistCell */,
				B862D0A2232ADD3B007C5E2C /* ArtistSearchViewModel.swift */,
				B862D0A4232ADD6B007C5E2C /* ArtistSearchController.swift */,
				B862D0A5232ADD6B007C5E2C /* ArtistSearchController.xib */,
			);
			path = ArtistSearch;
			sourceTree = "<group>";
		};
		B895B06E23341ABC003AE994 /* DataManager */ = {
			isa = PBXGroup;
			children = (
				B895B06F23341B4B003AE994 /* Model.swift */,
				B895B07323342213003AE994 /* AppleMusicDataManager.swift */,
				B895B07123341E67003AE994 /* AppleMusicAPIRequest.swift */,
			);
			path = DataManager;
			sourceTree = "<group>";
		};
		B8ADA74B23299C320094EA83 = {
			isa = PBXGroup;
			children = (
				B8ADA75623299C320094EA83 /* appleMusicSearchApp */,
				B8ADA75523299C320094EA83 /* Products */,
				05C9F756BD048581833636DC /* Pods */,
				B7365CA44BB4B9E9849D76A8 /* Frameworks */,
			);
			sourceTree = "<group>";
		};
		B8ADA75523299C320094EA83 /* Products */ = {
			isa = PBXGroup;
			children = (
				B8ADA75423299C320094EA83 /* appleMusicSearchApp.app */,
			);
			name = Products;
			sourceTree = "<group>";
		};
		B8ADA75623299C320094EA83 /* appleMusicSearchApp */ = {
			isa = PBXGroup;
			children = (
				B8ADA75723299C320094EA83 /* AppDelegate.swift */,
				EB6B8460233613F900E5C150 /* UITableView+GetCell.swift */,
				B895B06E23341ABC003AE994 /* DataManager */,
				B862D0A1232ADC95007C5E2C /* ArtistSearch */,
				EB6B84672336217400E5C150 /* ArtistInfo */,
				B8ADA75E23299C330094EA83 /* Assets.xcassets */,
				B8ADA76023299C330094EA83 /* LaunchScreen.storyboard */,
				B8ADA76323299C330094EA83 /* Info.plist */,
			);
			path = appleMusicSearchApp;
			sourceTree = "<group>";
		};
		EB6B84622336142600E5C150 /* ArtistCell */ = {
			isa = PBXGroup;
			children = (
				EB6B84632336144400E5C150 /* ArtistCell.swift */,
				EB6B84642336144400E5C150 /* ArtistCell.xib */,
			);
			path = ArtistCell;
			sourceTree = "<group>";
		};
		EB6B84672336217400E5C150 /* ArtistInfo */ = {
			isa = PBXGroup;
			children = (
				EB6B84682336222F00E5C150 /* ArtistInfoController.swift */,
				EB6B846C2336225A00E5C150 /* ArtistInfoViewModel.swift */,
				EB6B84692336222F00E5C150 /* ArtistInfoController.xib */,
			);
			path = ArtistInfo;
			sourceTree = "<group>";
		};
/* End PBXGroup section */

/* Begin PBXNativeTarget section */
		B8ADA75323299C320094EA83 /* appleMusicSearchApp */ = {
			isa = PBXNativeTarget;
			buildConfigurationList = B8ADA76623299C330094EA83 /* Build configuration list for PBXNativeTarget "appleMusicSearchApp" */;
			buildPhases = (
				C37FC637A1A75336C1BE1D39 /* [CP] Check Pods Manifest.lock */,
				B8ADA75023299C320094EA83 /* Sources */,
				B8ADA75123299C320094EA83 /* Frameworks */,
				B8ADA75223299C320094EA83 /* Resources */,
				01FE02594D1FD04C78C71BBA /* [CP] Embed Pods Frameworks */,
			);
			buildRules = (
			);
			dependencies = (
			);
			name = appleMusicSearchApp;
			productName = appleMusicSearchApp;
			productReference = B8ADA75423299C320094EA83 /* appleMusicSearchApp.app */;
			productType = "com.apple.product-type.application";
		};
/* End PBXNativeTarget section */

/* Begin PBXProject section */
		B8ADA74C23299C320094EA83 /* Project object */ = {
			isa = PBXProject;
			attributes = {
				LastSwiftUpdateCheck = 1030;
				LastUpgradeCheck = 1030;
				ORGANIZATIONNAME = "NRKK dev.studio";
				TargetAttributes = {
					B8ADA75323299C320094EA83 = {
						CreatedOnToolsVersion = 10.3;
					};
				};
			};
			buildConfigurationList = B8ADA74F23299C320094EA83 /* Build configuration list for PBXProject "appleMusicSearchApp" */;
			compatibilityVersion = "Xcode 9.3";
			developmentRegion = en;
			hasScannedForEncodings = 0;
			knownRegions = (
				en,
				Base,
			);
			mainGroup = B8ADA74B23299C320094EA83;
			productRefGroup = B8ADA75523299C320094EA83 /* Products */;
			projectDirPath = "";
			projectRoot = "";
			targets = (
				B8ADA75323299C320094EA83 /* appleMusicSearchApp */,
			);
		};
/* End PBXProject section */

/* Begin PBXResourcesBuildPhase section */
		B8ADA75223299C320094EA83 /* Resources */ = {
			isa = PBXResourcesBuildPhase;
			buildActionMask = 2147483647;
			files = (
				B862D0A7232ADD6B007C5E2C /* ArtistSearchController.xib in Resources */,
				B8ADA76223299C330094EA83 /* LaunchScreen.storyboard in Resources */,
				EB6B84662336144400E5C150 /* ArtistCell.xib in Resources */,
				EB6B846B2336222F00E5C150 /* ArtistInfoController.xib in Resources */,
				B8ADA75F23299C330094EA83 /* Assets.xcassets in Resources */,
			);
			runOnlyForDeploymentPostprocessing = 0;
		};
/* End PBXResourcesBuildPhase section */

/* Begin PBXShellScriptBuildPhase section */
		01FE02594D1FD04C78C71BBA /* [CP] Embed Pods Frameworks */ = {
			isa = PBXShellScriptBuildPhase;
			buildActionMask = 2147483647;
			files = (
			);
			inputFileListPaths = (
			);
			inputPaths = (
				"${PODS_ROOT}/Target Support Files/Pods-appleMusicSearchApp/Pods-appleMusicSearchApp-frameworks.sh",
				"${BUILT_PRODUCTS_DIR}/Alamofire/Alamofire.framework",
				"${BUILT_PRODUCTS_DIR}/Differentiator/Differentiator.framework",
				"${BUILT_PRODUCTS_DIR}/Moya/Moya.framework",
				"${BUILT_PRODUCTS_DIR}/Result/Result.framework",
				"${BUILT_PRODUCTS_DIR}/RxCocoa/RxCocoa.framework",
				"${BUILT_PRODUCTS_DIR}/RxDataSources/RxDataSources.framework",
				"${BUILT_PRODUCTS_DIR}/RxRelay/RxRelay.framework",
				"${BUILT_PRODUCTS_DIR}/RxSwift/RxSwift.framework",
			);
			name = "[CP] Embed Pods Frameworks";
			outputFileListPaths = (
			);
			outputPaths = (
				"${TARGET_BUILD_DIR}/${FRAMEWORKS_FOLDER_PATH}/Alamofire.framework",
				"${TARGET_BUILD_DIR}/${FRAMEWORKS_FOLDER_PATH}/Differentiator.framework",
				"${TARGET_BUILD_DIR}/${FRAMEWORKS_FOLDER_PATH}/Moya.framework",
				"${TARGET_BUILD_DIR}/${FRAMEWORKS_FOLDER_PATH}/Result.framework",
				"${TARGET_BUILD_DIR}/${FRAMEWORKS_FOLDER_PATH}/RxCocoa.framework",
				"${TARGET_BUILD_DIR}/${FRAMEWORKS_FOLDER_PATH}/RxDataSources.framework",
				"${TARGET_BUILD_DIR}/${FRAMEWORKS_FOLDER_PATH}/RxRelay.framework",
				"${TARGET_BUILD_DIR}/${FRAMEWORKS_FOLDER_PATH}/RxSwift.framework",
			);
			runOnlyForDeploymentPostprocessing = 0;
			shellPath = /bin/sh;
			shellScript = "\"${PODS_ROOT}/Target Support Files/Pods-appleMusicSearchApp/Pods-appleMusicSearchApp-frameworks.sh\"\n";
			showEnvVarsInLog = 0;
		};
		C37FC637A1A75336C1BE1D39 /* [CP] Check Pods Manifest.lock */ = {
			isa = PBXShellScriptBuildPhase;
			buildActionMask = 2147483647;
			files = (
			);
			inputFileListPaths = (
			);
			inputPaths = (
				"${PODS_PODFILE_DIR_PATH}/Podfile.lock",
				"${PODS_ROOT}/Manifest.lock",
			);
			name = "[CP] Check Pods Manifest.lock";
			outputFileListPaths = (
			);
			outputPaths = (
				"$(DERIVED_FILE_DIR)/Pods-appleMusicSearchApp-checkManifestLockResult.txt",
			);
			runOnlyForDeploymentPostprocessing = 0;
			shellPath = /bin/sh;
			shellScript = "diff \"${PODS_PODFILE_DIR_PATH}/Podfile.lock\" \"${PODS_ROOT}/Manifest.lock\" > /dev/null\nif [ $? != 0 ] ; then\n    # print error to STDERR\n    echo \"error: The sandbox is not in sync with the Podfile.lock. Run 'pod install' or update your CocoaPods installation.\" >&2\n    exit 1\nfi\n# This output is used by Xcode 'outputs' to avoid re-running this script phase.\necho \"SUCCESS\" > \"${SCRIPT_OUTPUT_FILE_0}\"\n";
			showEnvVarsInLog = 0;
		};
/* End PBXShellScriptBuildPhase section */

/* Begin PBXSourcesBuildPhase section */
		B8ADA75023299C320094EA83 /* Sources */ = {
			isa = PBXSourcesBuildPhase;
			buildActionMask = 2147483647;
			files = (
				B862D0A6232ADD6B007C5E2C /* ArtistSearchController.swift in Sources */,
				B8ADA75823299C320094EA83 /* AppDelegate.swift in Sources */,
				EB6B84652336144400E5C150 /* ArtistCell.swift in Sources */,
				EB6B846A2336222F00E5C150 /* ArtistInfoController.swift in Sources */,
				B862D0A3232ADD3B007C5E2C /* ArtistSearchViewModel.swift in Sources */,
				EB6B8461233613F900E5C150 /* UITableView+GetCell.swift in Sources */,
				B895B07023341B4B003AE994 /* Model.swift in Sources */,
				EB6B846D2336225A00E5C150 /* ArtistInfoViewModel.swift in Sources */,
				B895B07423342213003AE994 /* AppleMusicDataManager.swift in Sources */,
				B895B07223341E67003AE994 /* AppleMusicAPIRequest.swift in Sources */,
			);
			runOnlyForDeploymentPostprocessing = 0;
		};
/* End PBXSourcesBuildPhase section */

/* Begin PBXVariantGroup section */
		B8ADA76023299C330094EA83 /* LaunchScreen.storyboard */ = {
			isa = PBXVariantGroup;
			children = (
				B8ADA76123299C330094EA83 /* Base */,
			);
			name = LaunchScreen.storyboard;
			sourceTree = "<group>";
		};
/* End PBXVariantGroup section */

/* Begin XCBuildConfiguration section */
		B8ADA76423299C330094EA83 /* Debug */ = {
			isa = XCBuildConfiguration;
			buildSettings = {
				ALWAYS_SEARCH_USER_PATHS = NO;
				CLANG_ANALYZER_NONNULL = YES;
				CLANG_ANALYZER_NUMBER_OBJECT_CONVERSION = YES_AGGRESSIVE;
				CLANG_CXX_LANGUAGE_STANDARD = "gnu++14";
				CLANG_CXX_LIBRARY = "libc++";
				CLANG_ENABLE_MODULES = YES;
				CLANG_ENABLE_OBJC_ARC = YES;
				CLANG_ENABLE_OBJC_WEAK = YES;
				CLANG_WARN_BLOCK_CAPTURE_AUTORELEASING = YES;
				CLANG_WARN_BOOL_CONVERSION = YES;
				CLANG_WARN_COMMA = YES;
				CLANG_WARN_CONSTANT_CONVERSION = YES;
				CLANG_WARN_DEPRECATED_OBJC_IMPLEMENTATIONS = YES;
				CLANG_WARN_DIRECT_OBJC_ISA_USAGE = YES_ERROR;
				CLANG_WARN_DOCUMENTATION_COMMENTS = YES;
				CLANG_WARN_EMPTY_BODY = YES;
				CLANG_WARN_ENUM_CONVERSION = YES;
				CLANG_WARN_INFINITE_RECURSION = YES;
				CLANG_WARN_INT_CONVERSION = YES;
				CLANG_WARN_NON_LITERAL_NULL_CONVERSION = YES;
				CLANG_WARN_OBJC_IMPLICIT_RETAIN_SELF = YES;
				CLANG_WARN_OBJC_LITERAL_CONVERSION = YES;
				CLANG_WARN_OBJC_ROOT_CLASS = YES_ERROR;
				CLANG_WARN_RANGE_LOOP_ANALYSIS = YES;
				CLANG_WARN_STRICT_PROTOTYPES = YES;
				CLANG_WARN_SUSPICIOUS_MOVE = YES;
				CLANG_WARN_UNGUARDED_AVAILABILITY = YES_AGGRESSIVE;
				CLANG_WARN_UNREACHABLE_CODE = YES;
				CLANG_WARN__DUPLICATE_METHOD_MATCH = YES;
				CODE_SIGN_IDENTITY = "iPhone Developer";
				COPY_PHASE_STRIP = NO;
				DEBUG_INFORMATION_FORMAT = dwarf;
				ENABLE_STRICT_OBJC_MSGSEND = YES;
				ENABLE_TESTABILITY = YES;
				GCC_C_LANGUAGE_STANDARD = gnu11;
				GCC_DYNAMIC_NO_PIC = NO;
				GCC_NO_COMMON_BLOCKS = YES;
				GCC_OPTIMIZATION_LEVEL = 0;
				GCC_PREPROCESSOR_DEFINITIONS = (
					"DEBUG=1",
					"$(inherited)",
				);
				GCC_WARN_64_TO_32_BIT_CONVERSION = YES;
				GCC_WARN_ABOUT_RETURN_TYPE = YES_ERROR;
				GCC_WARN_UNDECLARED_SELECTOR = YES;
				GCC_WARN_UNINITIALIZED_AUTOS = YES_AGGRESSIVE;
				GCC_WARN_UNUSED_FUNCTION = YES;
				GCC_WARN_UNUSED_VARIABLE = YES;
				IPHONEOS_DEPLOYMENT_TARGET = 11.0;
				MTL_ENABLE_DEBUG_INFO = INCLUDE_SOURCE;
				MTL_FAST_MATH = YES;
				ONLY_ACTIVE_ARCH = YES;
				SDKROOT = iphoneos;
				SWIFT_ACTIVE_COMPILATION_CONDITIONS = DEBUG;
				SWIFT_OPTIMIZATION_LEVEL = "-Onone";
			};
			name = Debug;
		};
		B8ADA76523299C330094EA83 /* Release */ = {
			isa = XCBuildConfiguration;
			buildSettings = {
				ALWAYS_SEARCH_USER_PATHS = NO;
				CLANG_ANALYZER_NONNULL = YES;
				CLANG_ANALYZER_NUMBER_OBJECT_CONVERSION = YES_AGGRESSIVE;
				CLANG_CXX_LANGUAGE_STANDARD = "gnu++14";
				CLANG_CXX_LIBRARY = "libc++";
				CLANG_ENABLE_MODULES = YES;
				CLANG_ENABLE_OBJC_ARC = YES;
				CLANG_ENABLE_OBJC_WEAK = YES;
				CLANG_WARN_BLOCK_CAPTURE_AUTORELEASING = YES;
				CLANG_WARN_BOOL_CONVERSION = YES;
				CLANG_WARN_COMMA = YES;
				CLANG_WARN_CONSTANT_CONVERSION = YES;
				CLANG_WARN_DEPRECATED_OBJC_IMPLEMENTATIONS = YES;
				CLANG_WARN_DIRECT_OBJC_ISA_USAGE = YES_ERROR;
				CLANG_WARN_DOCUMENTATION_COMMENTS = YES;
				CLANG_WARN_EMPTY_BODY = YES;
				CLANG_WARN_ENUM_CONVERSION = YES;
				CLANG_WARN_INFINITE_RECURSION = YES;
				CLANG_WARN_INT_CONVERSION = YES;
				CLANG_WARN_NON_LITERAL_NULL_CONVERSION = YES;
				CLANG_WARN_OBJC_IMPLICIT_RETAIN_SELF = YES;
				CLANG_WARN_OBJC_LITERAL_CONVERSION = YES;
				CLANG_WARN_OBJC_ROOT_CLASS = YES_ERROR;
				CLANG_WARN_RANGE_LOOP_ANALYSIS = YES;
				CLANG_WARN_STRICT_PROTOTYPES = YES;
				CLANG_WARN_SUSPICIOUS_MOVE = YES;
				CLANG_WARN_UNGUARDED_AVAILABILITY = YES_AGGRESSIVE;
				CLANG_WARN_UNREACHABLE_CODE = YES;
				CLANG_WARN__DUPLICATE_METHOD_MATCH = YES;
				CODE_SIGN_IDENTITY = "iPhone Developer";
				COPY_PHASE_STRIP = NO;
				DEBUG_INFORMATION_FORMAT = "dwarf-with-dsym";
				ENABLE_NS_ASSERTIONS = NO;
				ENABLE_STRICT_OBJC_MSGSEND = YES;
				GCC_C_LANGUAGE_STANDARD = gnu11;
				GCC_NO_COMMON_BLOCKS = YES;
				GCC_WARN_64_TO_32_BIT_CONVERSION = YES;
				GCC_WARN_ABOUT_RETURN_TYPE = YES_ERROR;
				GCC_WARN_UNDECLARED_SELECTOR = YES;
				GCC_WARN_UNINITIALIZED_AUTOS = YES_AGGRESSIVE;
				GCC_WARN_UNUSED_FUNCTION = YES;
				GCC_WARN_UNUSED_VARIABLE = YES;
				IPHONEOS_DEPLOYMENT_TARGET = 11.0;
				MTL_ENABLE_DEBUG_INFO = NO;
				MTL_FAST_MATH = YES;
				SDKROOT = iphoneos;
				SWIFT_COMPILATION_MODE = wholemodule;
				SWIFT_OPTIMIZATION_LEVEL = "-O";
				VALIDATE_PRODUCT = YES;
			};
			name = Release;
		};
		B8ADA76723299C330094EA83 /* Debug */ = {
			isa = XCBuildConfiguration;
			baseConfigurationReference = BEF9693ECFFEE0513B311E0F /* Pods-appleMusicSearchApp.debug.xcconfig */;
			buildSettings = {
				ASSETCATALOG_COMPILER_APPICON_NAME = AppIcon;
				CODE_SIGN_STYLE = Automatic;
				DEVELOPMENT_TEAM = 5B87H2U8KV;
				INFOPLIST_FILE = appleMusicSearchApp/Info.plist;
				LD_RUNPATH_SEARCH_PATHS = (
					"$(inherited)",
					"@executable_path/Frameworks",
				);
				PRODUCT_BUNDLE_IDENTIFIER = NRKK.appleMusicSearchApp;
				PRODUCT_NAME = "$(TARGET_NAME)";
				SWIFT_VERSION = 5.0;
				TARGETED_DEVICE_FAMILY = "1,2";
			};
			name = Debug;
		};
		B8ADA76823299C330094EA83 /* Release */ = {
			isa = XCBuildConfiguration;
			baseConfigurationReference = 3AD6F4562D5703CEDC23BA21 /* Pods-appleMusicSearchApp.release.xcconfig */;
			buildSettings = {
				ASSETCATALOG_COMPILER_APPICON_NAME = AppIcon;
				CODE_SIGN_STYLE = Automatic;
				DEVELOPMENT_TEAM = 5B87H2U8KV;
				INFOPLIST_FILE = appleMusicSearchApp/Info.plist;
				LD_RUNPATH_SEARCH_PATHS = (
					"$(inherited)",
					"@executable_path/Frameworks",
				);
				PRODUCT_BUNDLE_IDENTIFIER = NRKK.appleMusicSearchApp;
				PRODUCT_NAME = "$(TARGET_NAME)";
				SWIFT_VERSION = 5.0;
				TARGETED_DEVICE_FAMILY = "1,2";
			};
			name = Release;
		};
/* End XCBuildConfiguration section */

/* Begin XCConfigurationList section */
		B8ADA74F23299C320094EA83 /* Build configuration list for PBXProject "appleMusicSearchApp" */ = {
			isa = XCConfigurationList;
			buildConfigurations = (
				B8ADA76423299C330094EA83 /* Debug */,
				B8ADA76523299C330094EA83 /* Release */,
			);
			defaultConfigurationIsVisible = 0;
			defaultConfigurationName = Release;
		};
		B8ADA76623299C330094EA83 /* Build configuration list for PBXNativeTarget "appleMusicSearchApp" */ = {
			isa = XCConfigurationList;
			buildConfigurations = (
				B8ADA76723299C330094EA83 /* Debug */,
				B8ADA76823299C330094EA83 /* Release */,
			);
			defaultConfigurationIsVisible = 0;
			defaultConfigurationName = Release;
		};
/* End XCConfigurationList section */
	};
	rootObject = B8ADA74C23299C320094EA83 /* Project object */;
}
